// !$*UTF8*$!
{
	archiveVersion = 1;
	classes = {
	};
	objectVersion = 77;
	objects = {

/* Begin PBXBuildFile section */
		C41DD8BE2CC6C6F800F041C6 /* Constants.swift in Sources */ = {isa = PBXBuildFile; fileRef = C41DD8BD2CC6C6F500F041C6 /* Constants.swift */; };
		C41DD91C2CC6E34400F041C6 /* ComposableArchitecture in Frameworks */ = {isa = PBXBuildFile; productRef = C41DD91B2CC6E34400F041C6 /* ComposableArchitecture */; };
		C41DD9242CC81B8100F041C6 /* Valet in Frameworks */ = {isa = PBXBuildFile; productRef = C41DD9232CC81B8100F041C6 /* Valet */; };
		C41DD9402D12ABC100F041C6 /* APITypes in Frameworks */ = {isa = PBXBuildFile; productRef = C41DD9412D12ABC100F041C6 /* APITypes */; };
		C44108272F1487B2007EAB48 /* WidgetKit.framework in Frameworks */ = {isa = PBXBuildFile; fileRef = C44108262F1487B2007EAB48 /* WidgetKit.framework */; };
		C44108292F1487B2007EAB48 /* SwiftUI.framework in Frameworks */ = {isa = PBXBuildFile; fileRef = C44108282F1487B2007EAB48 /* SwiftUI.framework */; };
		C44108382F1487B3007EAB48 /* DownloadActivityWidgetExtension.appex in Embed Foundation Extensions */ = {isa = PBXBuildFile; fileRef = C44108252F1487B2007EAB48 /* DownloadActivityWidgetExtension.appex */; settings = {ATTRIBUTES = (RemoveHeadersOnCopy, ); }; };
/* End PBXBuildFile section */

/* Begin PBXContainerItemProxy section */
		C41DD89A2CC6C52700F041C6 /* PBXContainerItemProxy */ = {
			isa = PBXContainerItemProxy;
			containerPortal = C41DD87C2CC6C52600F041C6 /* Project object */;
			proxyType = 1;
			remoteGlobalIDString = C41DD8832CC6C52600F041C6;
			remoteInfo = OfflineMediaDownloader;
		};
		C41DD8A42CC6C52700F041C6 /* PBXContainerItemProxy */ = {
			isa = PBXContainerItemProxy;
			containerPortal = C41DD87C2CC6C52600F041C6 /* Project object */;
			proxyType = 1;
			remoteGlobalIDString = C41DD8832CC6C52600F041C6;
			remoteInfo = OfflineMediaDownloader;
		};
		C44108362F1487B3007EAB48 /* PBXContainerItemProxy */ = {
			isa = PBXContainerItemProxy;
			containerPortal = C41DD87C2CC6C52600F041C6 /* Project object */;
			proxyType = 1;
			remoteGlobalIDString = C44108242F1487B2007EAB48;
			remoteInfo = DownloadActivityWidgetExtension;
		};
/* End PBXContainerItemProxy section */

/* Begin PBXCopyFilesBuildPhase section */
		C441083D2F1487B3007EAB48 /* Embed Foundation Extensions */ = {
			isa = PBXCopyFilesBuildPhase;
			buildActionMask = 2147483647;
			dstPath = "";
			dstSubfolderSpec = 13;
			files = (
				C44108382F1487B3007EAB48 /* DownloadActivityWidgetExtension.appex in Embed Foundation Extensions */,
			);
			name = "Embed Foundation Extensions";
			runOnlyForDeploymentPostprocessing = 0;
		};
/* End PBXCopyFilesBuildPhase section */

/* Begin PBXFileReference section */
		C41DD8842CC6C52600F041C6 /* OfflineMediaDownloader.app */ = {isa = PBXFileReference; explicitFileType = wrapper.application; includeInIndex = 0; path = OfflineMediaDownloader.app; sourceTree = BUILT_PRODUCTS_DIR; };
		C41DD8992CC6C52700F041C6 /* OfflineMediaDownloaderTests.xctest */ = {isa = PBXFileReference; explicitFileType = wrapper.cfbundle; includeInIndex = 0; path = OfflineMediaDownloaderTests.xctest; sourceTree = BUILT_PRODUCTS_DIR; };
		C41DD8A32CC6C52700F041C6 /* OfflineMediaDownloaderUITests.xctest */ = {isa = PBXFileReference; explicitFileType = wrapper.cfbundle; includeInIndex = 0; path = OfflineMediaDownloaderUITests.xctest; sourceTree = BUILT_PRODUCTS_DIR; };
		C41DD8BD2CC6C6F500F041C6 /* Constants.swift */ = {isa = PBXFileReference; lastKnownFileType = sourcecode.swift; path = Constants.swift; sourceTree = "<group>"; };
		C41DD92F2CC972F900F041C6 /* Development.xcconfig */ = {isa = PBXFileReference; lastKnownFileType = text.xcconfig; path = Development.xcconfig; sourceTree = "<group>"; };
		C44108252F1487B2007EAB48 /* DownloadActivityWidgetExtension.appex */ = {isa = PBXFileReference; explicitFileType = "wrapper.app-extension"; includeInIndex = 0; path = DownloadActivityWidgetExtension.appex; sourceTree = BUILT_PRODUCTS_DIR; };
		C44108262F1487B2007EAB48 /* WidgetKit.framework */ = {isa = PBXFileReference; lastKnownFileType = wrapper.framework; name = WidgetKit.framework; path = System/Library/Frameworks/WidgetKit.framework; sourceTree = SDKROOT; };
		C44108282F1487B2007EAB48 /* SwiftUI.framework */ = {isa = PBXFileReference; lastKnownFileType = wrapper.framework; name = SwiftUI.framework; path = System/Library/Frameworks/SwiftUI.framework; sourceTree = SDKROOT; };
		C44108412F148878007EAB48 /* DownloadActivityWidgetExtension.entitlements */ = {isa = PBXFileReference; lastKnownFileType = text.plist.entitlements; path = DownloadActivityWidgetExtension.entitlements; sourceTree = "<group>"; };
/* End PBXFileReference section */

/* Begin PBXFileSystemSynchronizedBuildFileExceptionSet section */
		C41DD9322CC99C2E00F041C6 /* Exceptions for "App" folder in "OfflineMediaDownloader" target */ = {
			isa = PBXFileSystemSynchronizedBuildFileExceptionSet;
			membershipExceptions = (
				Info.plist,
			);
			target = C41DD8832CC6C52600F041C6 /* OfflineMediaDownloader */;
		};
		C441083C2F1487B3007EAB48 /* Exceptions for "DownloadActivityWidget" folder in "DownloadActivityWidgetExtension" target */ = {
			isa = PBXFileSystemSynchronizedBuildFileExceptionSet;
			membershipExceptions = (
				Info.plist,
			);
			target = C44108242F1487B2007EAB48 /* DownloadActivityWidgetExtension */;
		};
/* End PBXFileSystemSynchronizedBuildFileExceptionSet section */

/* Begin PBXFileSystemSynchronizedRootGroup section */
		C41DD8862CC6C52600F041C6 /* App */ = {
			isa = PBXFileSystemSynchronizedRootGroup;
			exceptions = (
				C41DD9322CC99C2E00F041C6 /* Exceptions for "App" folder in "OfflineMediaDownloader" target */,
			);
			path = App;
			sourceTree = "<group>";
		};
		C41DD89C2CC6C52700F041C6 /* OfflineMediaDownloaderTests */ = {
			isa = PBXFileSystemSynchronizedRootGroup;
			path = OfflineMediaDownloaderTests;
			sourceTree = "<group>";
		};
		C41DD8A62CC6C52700F041C6 /* OfflineMediaDownloaderUITests */ = {
			isa = PBXFileSystemSynchronizedRootGroup;
			path = OfflineMediaDownloaderUITests;
			sourceTree = "<group>";
		};
		C441082A2F1487B2007EAB48 /* DownloadActivityWidget */ = {
			isa = PBXFileSystemSynchronizedRootGroup;
			exceptions = (
				C441083C2F1487B3007EAB48 /* Exceptions for "DownloadActivityWidget" folder in "DownloadActivityWidgetExtension" target */,
			);
			path = DownloadActivityWidget;
			sourceTree = "<group>";
		};
/* End PBXFileSystemSynchronizedRootGroup section */

/* Begin PBXFrameworksBuildPhase section */
		C41DD8812CC6C52600F041C6 /* Frameworks */ = {
			isa = PBXFrameworksBuildPhase;
			buildActionMask = 2147483647;
			files = (
				C41DD91C2CC6E34400F041C6 /* ComposableArchitecture in Frameworks */,
				C41DD9242CC81B8100F041C6 /* Valet in Frameworks */,
				C41DD9402D12ABC100F041C6 /* APITypes in Frameworks */,
			);
			runOnlyForDeploymentPostprocessing = 0;
		};
		C41DD8962CC6C52700F041C6 /* Frameworks */ = {
			isa = PBXFrameworksBuildPhase;
			buildActionMask = 2147483647;
			files = (
			);
			runOnlyForDeploymentPostprocessing = 0;
		};
		C41DD8A02CC6C52700F041C6 /* Frameworks */ = {
			isa = PBXFrameworksBuildPhase;
			buildActionMask = 2147483647;
			files = (
			);
			runOnlyForDeploymentPostprocessing = 0;
		};
		C44108222F1487B2007EAB48 /* Frameworks */ = {
			isa = PBXFrameworksBuildPhase;
			buildActionMask = 2147483647;
			files = (
				C44108292F1487B2007EAB48 /* SwiftUI.framework in Frameworks */,
				C44108272F1487B2007EAB48 /* WidgetKit.framework in Frameworks */,
			);
			runOnlyForDeploymentPostprocessing = 0;
		};
/* End PBXFrameworksBuildPhase section */

/* Begin PBXGroup section */
		C41DD87B2CC6C52600F041C6 = {
			isa = PBXGroup;
			children = (
				C44108412F148878007EAB48 /* DownloadActivityWidgetExtension.entitlements */,
				C41DD92F2CC972F900F041C6 /* Development.xcconfig */,
				C41DD8BD2CC6C6F500F041C6 /* Constants.swift */,
				C41DD8862CC6C52600F041C6 /* App */,
				C41DD89C2CC6C52700F041C6 /* OfflineMediaDownloaderTests */,
				C41DD8A62CC6C52700F041C6 /* OfflineMediaDownloaderUITests */,
				C441082A2F1487B2007EAB48 /* DownloadActivityWidget */,
				C41DD91A2CC6E34400F041C6 /* Frameworks */,
				C41DD8852CC6C52600F041C6 /* Products */,
			);
			indentWidth = 2;
			sourceTree = "<group>";
			tabWidth = 2;
		};
		C41DD8852CC6C52600F041C6 /* Products */ = {
			isa = PBXGroup;
			children = (
				C41DD8842CC6C52600F041C6 /* OfflineMediaDownloader.app */,
				C41DD8992CC6C52700F041C6 /* OfflineMediaDownloaderTests.xctest */,
				C41DD8A32CC6C52700F041C6 /* OfflineMediaDownloaderUITests.xctest */,
				C44108252F1487B2007EAB48 /* DownloadActivityWidgetExtension.appex */,
			);
			name = Products;
			sourceTree = "<group>";
		};
		C41DD91A2CC6E34400F041C6 /* Frameworks */ = {
			isa = PBXGroup;
			children = (
				C44108262F1487B2007EAB48 /* WidgetKit.framework */,
				C44108282F1487B2007EAB48 /* SwiftUI.framework */,
			);
			name = Frameworks;
			sourceTree = "<group>";
		};
/* End PBXGroup section */

/* Begin PBXNativeTarget section */
		C41DD8832CC6C52600F041C6 /* OfflineMediaDownloader */ = {
			isa = PBXNativeTarget;
			buildConfigurationList = C41DD8AD2CC6C52700F041C6 /* Build configuration list for PBXNativeTarget "OfflineMediaDownloader" */;
			buildPhases = (
				C41DD8802CC6C52600F041C6 /* Sources */,
				C41DD8812CC6C52600F041C6 /* Frameworks */,
				C41DD8822CC6C52600F041C6 /* Resources */,
				C441083D2F1487B3007EAB48 /* Embed Foundation Extensions */,
			);
			buildRules = (
			);
			dependencies = (
				C44108372F1487B3007EAB48 /* PBXTargetDependency */,
			);
			fileSystemSynchronizedGroups = (
				C41DD8862CC6C52600F041C6 /* App */,
			);
			name = OfflineMediaDownloader;
			packageProductDependencies = (
				C41DD91B2CC6E34400F041C6 /* ComposableArchitecture */,
				C41DD9232CC81B8100F041C6 /* Valet */,
				C41DD9412D12ABC100F041C6 /* APITypes */,
			);
			productName = OfflineMediaDownloader;
			productReference = C41DD8842CC6C52600F041C6 /* OfflineMediaDownloader.app */;
			productType = "com.apple.product-type.application";
		};
		C41DD8982CC6C52700F041C6 /* OfflineMediaDownloaderTests */ = {
			isa = PBXNativeTarget;
			buildConfigurationList = C41DD8B02CC6C52700F041C6 /* Build configuration list for PBXNativeTarget "OfflineMediaDownloaderTests" */;
			buildPhases = (
				C41DD8952CC6C52700F041C6 /* Sources */,
				C41DD8962CC6C52700F041C6 /* Frameworks */,
				C41DD8972CC6C52700F041C6 /* Resources */,
			);
			buildRules = (
			);
			dependencies = (
				C41DD89B2CC6C52700F041C6 /* PBXTargetDependency */,
			);
			fileSystemSynchronizedGroups = (
				C41DD89C2CC6C52700F041C6 /* OfflineMediaDownloaderTests */,
			);
			name = OfflineMediaDownloaderTests;
			packageProductDependencies = (
			);
			productName = OfflineMediaDownloaderTests;
			productReference = C41DD8992CC6C52700F041C6 /* OfflineMediaDownloaderTests.xctest */;
			productType = "com.apple.product-type.bundle.unit-test";
		};
		C41DD8A22CC6C52700F041C6 /* OfflineMediaDownloaderUITests */ = {
			isa = PBXNativeTarget;
			buildConfigurationList = C41DD8B32CC6C52700F041C6 /* Build configuration list for PBXNativeTarget "OfflineMediaDownloaderUITests" */;
			buildPhases = (
				C41DD89F2CC6C52700F041C6 /* Sources */,
				C41DD8A02CC6C52700F041C6 /* Frameworks */,
				C41DD8A12CC6C52700F041C6 /* Resources */,
			);
			buildRules = (
			);
			dependencies = (
				C41DD8A52CC6C52700F041C6 /* PBXTargetDependency */,
			);
			fileSystemSynchronizedGroups = (
				C41DD8A62CC6C52700F041C6 /* OfflineMediaDownloaderUITests */,
			);
			name = OfflineMediaDownloaderUITests;
			packageProductDependencies = (
			);
			productName = OfflineMediaDownloaderUITests;
			productReference = C41DD8A32CC6C52700F041C6 /* OfflineMediaDownloaderUITests.xctest */;
			productType = "com.apple.product-type.bundle.ui-testing";
		};
		C44108242F1487B2007EAB48 /* DownloadActivityWidgetExtension */ = {
			isa = PBXNativeTarget;
			buildConfigurationList = C44108392F1487B3007EAB48 /* Build configuration list for PBXNativeTarget "DownloadActivityWidgetExtension" */;
			buildPhases = (
				C44108212F1487B2007EAB48 /* Sources */,
				C44108222F1487B2007EAB48 /* Frameworks */,
				C44108232F1487B2007EAB48 /* Resources */,
			);
			buildRules = (
			);
			dependencies = (
			);
			fileSystemSynchronizedGroups = (
				C441082A2F1487B2007EAB48 /* DownloadActivityWidget */,
			);
			name = DownloadActivityWidgetExtension;
			packageProductDependencies = (
			);
			productName = DownloadActivityWidgetExtension;
			productReference = C44108252F1487B2007EAB48 /* DownloadActivityWidgetExtension.appex */;
			productType = "com.apple.product-type.app-extension";
		};
/* End PBXNativeTarget section */

/* Begin PBXProject section */
		C41DD87C2CC6C52600F041C6 /* Project object */ = {
			isa = PBXProject;
			attributes = {
				BuildIndependentTargetsInParallel = 1;
				LastSwiftUpdateCheck = 2620;
				LastUpgradeCheck = 1620;
				TargetAttributes = {
					C41DD8832CC6C52600F041C6 = {
						CreatedOnToolsVersion = 16.0;
					};
					C41DD8982CC6C52700F041C6 = {
						CreatedOnToolsVersion = 16.0;
						TestTargetID = C41DD8832CC6C52600F041C6;
					};
					C41DD8A22CC6C52700F041C6 = {
						CreatedOnToolsVersion = 16.0;
						TestTargetID = C41DD8832CC6C52600F041C6;
					};
					C44108242F1487B2007EAB48 = {
						CreatedOnToolsVersion = 26.2;
					};
				};
			};
			buildConfigurationList = C41DD87F2CC6C52600F041C6 /* Build configuration list for PBXProject "OfflineMediaDownloader" */;
			developmentRegion = en;
			hasScannedForEncodings = 0;
			knownRegions = (
				en,
				Base,
			);
			mainGroup = C41DD87B2CC6C52600F041C6;
			minimizedProjectReferenceProxies = 1;
			packageReferences = (
				C41DD8B62CC6C58100F041C6 /* XCRemoteSwiftPackageReference "swift-composable-architecture" */,
				C41DD9222CC81B8100F041C6 /* XCRemoteSwiftPackageReference "Valet" */,
				C41DD9422D12ABC100F041C6 /* XCLocalSwiftPackageReference "APITypes" */,
			);
			preferredProjectObjectVersion = 77;
			productRefGroup = C41DD8852CC6C52600F041C6 /* Products */;
			projectDirPath = "";
			projectRoot = "";
			targets = (
				C41DD8832CC6C52600F041C6 /* OfflineMediaDownloader */,
				C41DD8982CC6C52700F041C6 /* OfflineMediaDownloaderTests */,
				C41DD8A22CC6C52700F041C6 /* OfflineMediaDownloaderUITests */,
				C44108242F1487B2007EAB48 /* DownloadActivityWidgetExtension */,
			);
		};
/* End PBXProject section */

/* Begin PBXResourcesBuildPhase section */
		C41DD8822CC6C52600F041C6 /* Resources */ = {
			isa = PBXResourcesBuildPhase;
			buildActionMask = 2147483647;
			files = (
			);
			runOnlyForDeploymentPostprocessing = 0;
		};
		C41DD8972CC6C52700F041C6 /* Resources */ = {
			isa = PBXResourcesBuildPhase;
			buildActionMask = 2147483647;
			files = (
			);
			runOnlyForDeploymentPostprocessing = 0;
		};
		C41DD8A12CC6C52700F041C6 /* Resources */ = {
			isa = PBXResourcesBuildPhase;
			buildActionMask = 2147483647;
			files = (
			);
			runOnlyForDeploymentPostprocessing = 0;
		};
		C44108232F1487B2007EAB48 /* Resources */ = {
			isa = PBXResourcesBuildPhase;
			buildActionMask = 2147483647;
			files = (
			);
			runOnlyForDeploymentPostprocessing = 0;
		};
/* End PBXResourcesBuildPhase section */

/* Begin PBXSourcesBuildPhase section */
		C41DD8802CC6C52600F041C6 /* Sources */ = {
			isa = PBXSourcesBuildPhase;
			buildActionMask = 2147483647;
			files = (
				C41DD8BE2CC6C6F800F041C6 /* Constants.swift in Sources */,
			);
			runOnlyForDeploymentPostprocessing = 0;
		};
		C41DD8952CC6C52700F041C6 /* Sources */ = {
			isa = PBXSourcesBuildPhase;
			buildActionMask = 2147483647;
			files = (
			);
			runOnlyForDeploymentPostprocessing = 0;
		};
		C41DD89F2CC6C52700F041C6 /* Sources */ = {
			isa = PBXSourcesBuildPhase;
			buildActionMask = 2147483647;
			files = (
			);
			runOnlyForDeploymentPostprocessing = 0;
		};
		C44108212F1487B2007EAB48 /* Sources */ = {
			isa = PBXSourcesBuildPhase;
			buildActionMask = 2147483647;
			files = (
			);
			runOnlyForDeploymentPostprocessing = 0;
		};
/* End PBXSourcesBuildPhase section */

/* Begin PBXTargetDependency section */
		C41DD89B2CC6C52700F041C6 /* PBXTargetDependency */ = {
			isa = PBXTargetDependency;
			target = C41DD8832CC6C52600F041C6 /* OfflineMediaDownloader */;
			targetProxy = C41DD89A2CC6C52700F041C6 /* PBXContainerItemProxy */;
		};
		C41DD8A52CC6C52700F041C6 /* PBXTargetDependency */ = {
			isa = PBXTargetDependency;
			target = C41DD8832CC6C52600F041C6 /* OfflineMediaDownloader */;
			targetProxy = C41DD8A42CC6C52700F041C6 /* PBXContainerItemProxy */;
		};
		C44108372F1487B3007EAB48 /* PBXTargetDependency */ = {
			isa = PBXTargetDependency;
			target = C44108242F1487B2007EAB48 /* DownloadActivityWidgetExtension */;
			targetProxy = C44108362F1487B3007EAB48 /* PBXContainerItemProxy */;
		};
/* End PBXTargetDependency section */

/* Begin XCBuildConfiguration section */
		C41DD8AB2CC6C52700F041C6 /* Debug */ = {
			isa = XCBuildConfiguration;
			baseConfigurationReference = C41DD92F2CC972F900F041C6 /* Development.xcconfig */;
			buildSettings = {
				ALWAYS_SEARCH_USER_PATHS = NO;
				ASSETCATALOG_COMPILER_GENERATE_SWIFT_ASSET_SYMBOL_EXTENSIONS = YES;
				CLANG_ANALYZER_NONNULL = YES;
				CLANG_ANALYZER_NUMBER_OBJECT_CONVERSION = YES_AGGRESSIVE;
				CLANG_CXX_LANGUAGE_STANDARD = "gnu++20";
				CLANG_ENABLE_MODULES = YES;
				CLANG_ENABLE_OBJC_ARC = YES;
				CLANG_ENABLE_OBJC_WEAK = YES;
				CLANG_WARN_BLOCK_CAPTURE_AUTORELEASING = YES;
				CLANG_WARN_BOOL_CONVERSION = YES;
				CLANG_WARN_COMMA = YES;
				CLANG_WARN_CONSTANT_CONVERSION = YES;
				CLANG_WARN_DEPRECATED_OBJC_IMPLEMENTATIONS = YES;
				CLANG_WARN_DIRECT_OBJC_ISA_USAGE = YES_ERROR;
				CLANG_WARN_DOCUMENTATION_COMMENTS = YES;
				CLANG_WARN_EMPTY_BODY = YES;
				CLANG_WARN_ENUM_CONVERSION = YES;
				CLANG_WARN_INFINITE_RECURSION = YES;
				CLANG_WARN_INT_CONVERSION = YES;
				CLANG_WARN_NON_LITERAL_NULL_CONVERSION = YES;
				CLANG_WARN_OBJC_IMPLICIT_RETAIN_SELF = YES;
				CLANG_WARN_OBJC_LITERAL_CONVERSION = YES;
				CLANG_WARN_OBJC_ROOT_CLASS = YES_ERROR;
				CLANG_WARN_QUOTED_INCLUDE_IN_FRAMEWORK_HEADER = YES;
				CLANG_WARN_RANGE_LOOP_ANALYSIS = YES;
				CLANG_WARN_STRICT_PROTOTYPES = YES;
				CLANG_WARN_SUSPICIOUS_MOVE = YES;
				CLANG_WARN_UNGUARDED_AVAILABILITY = YES_AGGRESSIVE;
				CLANG_WARN_UNREACHABLE_CODE = YES;
				CLANG_WARN__DUPLICATE_METHOD_MATCH = YES;
				COPY_PHASE_STRIP = NO;
				DEBUG_INFORMATION_FORMAT = dwarf;
				ENABLE_STRICT_OBJC_MSGSEND = YES;
				ENABLE_TESTABILITY = YES;
				ENABLE_USER_SCRIPT_SANDBOXING = YES;
				GCC_C_LANGUAGE_STANDARD = gnu17;
				GCC_DYNAMIC_NO_PIC = NO;
				GCC_NO_COMMON_BLOCKS = YES;
				GCC_OPTIMIZATION_LEVEL = 0;
				GCC_PREPROCESSOR_DEFINITIONS = (
					"DEBUG=1",
					"$(inherited)",
				);
				GCC_WARN_64_TO_32_BIT_CONVERSION = YES;
				GCC_WARN_ABOUT_RETURN_TYPE = YES_ERROR;
				GCC_WARN_UNDECLARED_SELECTOR = YES;
				GCC_WARN_UNINITIALIZED_AUTOS = YES_AGGRESSIVE;
				GCC_WARN_UNUSED_FUNCTION = YES;
				GCC_WARN_UNUSED_VARIABLE = YES;
				"INFOPLIST_FILE[sdk=iphoneos*]" = "";
				INFOPLIST_KEY_WKExtensionDelegateClassName = "";
				IPHONEOS_DEPLOYMENT_TARGET = 18.0;
				LOCALIZATION_PREFERS_STRING_CATALOGS = YES;
				MTL_ENABLE_DEBUG_INFO = INCLUDE_SOURCE;
				MTL_FAST_MATH = YES;
				ONLY_ACTIVE_ARCH = YES;
				SDKROOT = iphoneos;
				STRING_CATALOG_GENERATE_SYMBOLS = YES;
				SWIFT_ACTIVE_COMPILATION_CONDITIONS = "DEBUG $(inherited)";
				SWIFT_OPTIMIZATION_LEVEL = "-Onone";
			};
			name = Debug;
		};
		C41DD8AC2CC6C52700F041C6 /* Release */ = {
			isa = XCBuildConfiguration;
			baseConfigurationReference = C41DD92F2CC972F900F041C6 /* Development.xcconfig */;
			buildSettings = {
				ALWAYS_SEARCH_USER_PATHS = NO;
				ASSETCATALOG_COMPILER_GENERATE_SWIFT_ASSET_SYMBOL_EXTENSIONS = YES;
				CLANG_ANALYZER_NONNULL = YES;
				CLANG_ANALYZER_NUMBER_OBJECT_CONVERSION = YES_AGGRESSIVE;
				CLANG_CXX_LANGUAGE_STANDARD = "gnu++20";
				CLANG_ENABLE_MODULES = YES;
				CLANG_ENABLE_OBJC_ARC = YES;
				CLANG_ENABLE_OBJC_WEAK = YES;
				CLANG_WARN_BLOCK_CAPTURE_AUTORELEASING = YES;
				CLANG_WARN_BOOL_CONVERSION = YES;
				CLANG_WARN_COMMA = YES;
				CLANG_WARN_CONSTANT_CONVERSION = YES;
				CLANG_WARN_DEPRECATED_OBJC_IMPLEMENTATIONS = YES;
				CLANG_WARN_DIRECT_OBJC_ISA_USAGE = YES_ERROR;
				CLANG_WARN_DOCUMENTATION_COMMENTS = YES;
				CLANG_WARN_EMPTY_BODY = YES;
				CLANG_WARN_ENUM_CONVERSION = YES;
				CLANG_WARN_INFINITE_RECURSION = YES;
				CLANG_WARN_INT_CONVERSION = YES;
				CLANG_WARN_NON_LITERAL_NULL_CONVERSION = YES;
				CLANG_WARN_OBJC_IMPLICIT_RETAIN_SELF = YES;
				CLANG_WARN_OBJC_LITERAL_CONVERSION = YES;
				CLANG_WARN_OBJC_ROOT_CLASS = YES_ERROR;
				CLANG_WARN_QUOTED_INCLUDE_IN_FRAMEWORK_HEADER = YES;
				CLANG_WARN_RANGE_LOOP_ANALYSIS = YES;
				CLANG_WARN_STRICT_PROTOTYPES = YES;
				CLANG_WARN_SUSPICIOUS_MOVE = YES;
				CLANG_WARN_UNGUARDED_AVAILABILITY = YES_AGGRESSIVE;
				CLANG_WARN_UNREACHABLE_CODE = YES;
				CLANG_WARN__DUPLICATE_METHOD_MATCH = YES;
				COPY_PHASE_STRIP = NO;
				DEBUG_INFORMATION_FORMAT = "dwarf-with-dsym";
				ENABLE_NS_ASSERTIONS = NO;
				ENABLE_STRICT_OBJC_MSGSEND = YES;
				ENABLE_USER_SCRIPT_SANDBOXING = YES;
				GCC_C_LANGUAGE_STANDARD = gnu17;
				GCC_NO_COMMON_BLOCKS = YES;
				GCC_WARN_64_TO_32_BIT_CONVERSION = YES;
				GCC_WARN_ABOUT_RETURN_TYPE = YES_ERROR;
				GCC_WARN_UNDECLARED_SELECTOR = YES;
				GCC_WARN_UNINITIALIZED_AUTOS = YES_AGGRESSIVE;
				GCC_WARN_UNUSED_FUNCTION = YES;
				GCC_TREAT_WARNINGS_AS_ERRORS = YES;
				GCC_WARN_UNUSED_VARIABLE = YES;
				INFOPLIST_KEY_WKExtensionDelegateClassName = "";
				IPHONEOS_DEPLOYMENT_TARGET = 18.0;
				LOCALIZATION_PREFERS_STRING_CATALOGS = YES;
				MTL_ENABLE_DEBUG_INFO = NO;
				MTL_FAST_MATH = YES;
				SDKROOT = iphoneos;
				STRING_CATALOG_GENERATE_SYMBOLS = YES;
				SWIFT_COMPILATION_MODE = wholemodule;
				VALIDATE_PRODUCT = YES;
			};
			name = Release;
		};
		C41DD8AE2CC6C52700F041C6 /* Debug */ = {
			isa = XCBuildConfiguration;
			baseConfigurationReference = C41DD92F2CC972F900F041C6 /* Development.xcconfig */;
			buildSettings = {
				ASSETCATALOG_COMPILER_APPICON_NAME = AppIcon;
				ASSETCATALOG_COMPILER_GLOBAL_ACCENT_COLOR_NAME = AccentColor;
				CODE_SIGN_ENTITLEMENTS = App/App.entitlements;
				CODE_SIGN_STYLE = Automatic;
				CURRENT_PROJECT_VERSION = 1;
				DEVELOPMENT_ASSET_PATHS = "";
				DEVELOPMENT_TEAM = P328YB6M54;
				ENABLE_PREVIEWS = YES;
				GENERATE_INFOPLIST_FILE = YES;
				INFOPLIST_FILE = App/Info.plist;
				INFOPLIST_KEY_UIApplicationSceneManifest_Generation = YES;
				INFOPLIST_KEY_UIApplicationSupportsIndirectInputEvents = YES;
				INFOPLIST_KEY_UILaunchScreen_Generation = YES;
				INFOPLIST_KEY_UISupportedInterfaceOrientations_iPad = "UIInterfaceOrientationPortrait UIInterfaceOrientationPortraitUpsideDown UIInterfaceOrientationLandscapeLeft UIInterfaceOrientationLandscapeRight";
				INFOPLIST_KEY_UISupportedInterfaceOrientations_iPhone = "UIInterfaceOrientationPortrait UIInterfaceOrientationLandscapeLeft UIInterfaceOrientationLandscapeRight";
				INFOPLIST_KEY_WKExtensionDelegateClassName = "";
				IPHONEOS_DEPLOYMENT_TARGET = 18.0;
				LD_RUNPATH_SEARCH_PATHS = (
					"$(inherited)",
					"@executable_path/Frameworks",
				);
				MARKETING_VERSION = 1.0;
				PRODUCT_BUNDLE_IDENTIFIER = lifegames.OfflineMediaDownloader;
				PRODUCT_NAME = "$(TARGET_NAME)";
				SUPPORTED_PLATFORMS = "iphoneos iphonesimulator";
				SUPPORTS_MACCATALYST = NO;
				SUPPORTS_MAC_DESIGNED_FOR_IPHONE_IPAD = NO;
				SUPPORTS_XR_DESIGNED_FOR_IPHONE_IPAD = NO;
				SWIFT_EMIT_LOC_STRINGS = YES;
				SWIFT_VERSION = 5.0;
				TARGETED_DEVICE_FAMILY = 1;
			};
			name = Debug;
		};
		C41DD8AF2CC6C52700F041C6 /* Release */ = {
			isa = XCBuildConfiguration;
			baseConfigurationReference = C41DD92F2CC972F900F041C6 /* Development.xcconfig */;
			buildSettings = {
				ASSETCATALOG_COMPILER_APPICON_NAME = AppIcon;
				ASSETCATALOG_COMPILER_GLOBAL_ACCENT_COLOR_NAME = AccentColor;
				CODE_SIGN_ENTITLEMENTS = App/App.entitlements;
				CODE_SIGN_STYLE = Automatic;
				CURRENT_PROJECT_VERSION = 1;
				DEVELOPMENT_ASSET_PATHS = "";
				DEVELOPMENT_TEAM = P328YB6M54;
				ENABLE_PREVIEWS = YES;
				GENERATE_INFOPLIST_FILE = YES;
				INFOPLIST_FILE = App/Info.plist;
				INFOPLIST_KEY_UIApplicationSceneManifest_Generation = YES;
				INFOPLIST_KEY_UIApplicationSupportsIndirectInputEvents = YES;
				INFOPLIST_KEY_UILaunchScreen_Generation = YES;
				INFOPLIST_KEY_UISupportedInterfaceOrientations_iPad = "UIInterfaceOrientationPortrait UIInterfaceOrientationPortraitUpsideDown UIInterfaceOrientationLandscapeLeft UIInterfaceOrientationLandscapeRight";
				INFOPLIST_KEY_UISupportedInterfaceOrientations_iPhone = "UIInterfaceOrientationPortrait UIInterfaceOrientationLandscapeLeft UIInterfaceOrientationLandscapeRight";
				INFOPLIST_KEY_WKExtensionDelegateClassName = "";
				IPHONEOS_DEPLOYMENT_TARGET = 18.0;
				LD_RUNPATH_SEARCH_PATHS = (
					"$(inherited)",
					"@executable_path/Frameworks",
				);
				MARKETING_VERSION = 1.0;
				PRODUCT_BUNDLE_IDENTIFIER = lifegames.OfflineMediaDownloader;
				PRODUCT_NAME = "$(TARGET_NAME)";
				SUPPORTED_PLATFORMS = "iphoneos iphonesimulator";
				SUPPORTS_MACCATALYST = NO;
				SUPPORTS_MAC_DESIGNED_FOR_IPHONE_IPAD = NO;
				SUPPORTS_XR_DESIGNED_FOR_IPHONE_IPAD = NO;
				SWIFT_EMIT_LOC_STRINGS = YES;
				SWIFT_VERSION = 5.0;
				TARGETED_DEVICE_FAMILY = 1;
			};
			name = Release;
		};
		C41DD8B12CC6C52700F041C6 /* Debug */ = {
			isa = XCBuildConfiguration;
			buildSettings = {
				BUNDLE_LOADER = "$(TEST_HOST)";
				CODE_SIGN_STYLE = Automatic;
				CURRENT_PROJECT_VERSION = 1;
				GENERATE_INFOPLIST_FILE = YES;
				IPHONEOS_DEPLOYMENT_TARGET = 18.0;
				MARKETING_VERSION = 1.0;
				PRODUCT_BUNDLE_IDENTIFIER = lifegames.OfflineMediaDownloaderTests;
				PRODUCT_NAME = "$(TARGET_NAME)";
				SWIFT_EMIT_LOC_STRINGS = NO;
				SWIFT_VERSION = 5.0;
				TARGETED_DEVICE_FAMILY = "1,2";
				TEST_HOST = "$(BUILT_PRODUCTS_DIR)/OfflineMediaDownloader.app/$(BUNDLE_EXECUTABLE_FOLDER_PATH)/OfflineMediaDownloader";
			};
			name = Debug;
		};
		C41DD8B22CC6C52700F041C6 /* Release */ = {
			isa = XCBuildConfiguration;
			buildSettings = {
				BUNDLE_LOADER = "$(TEST_HOST)";
				CODE_SIGN_STYLE = Automatic;
				CURRENT_PROJECT_VERSION = 1;
				GENERATE_INFOPLIST_FILE = YES;
				IPHONEOS_DEPLOYMENT_TARGET = 18.0;
				MARKETING_VERSION = 1.0;
				PRODUCT_BUNDLE_IDENTIFIER = lifegames.OfflineMediaDownloaderTests;
				PRODUCT_NAME = "$(TARGET_NAME)";
				SWIFT_EMIT_LOC_STRINGS = NO;
				SWIFT_VERSION = 5.0;
				TARGETED_DEVICE_FAMILY = "1,2";
				TEST_HOST = "$(BUILT_PRODUCTS_DIR)/OfflineMediaDownloader.app/$(BUNDLE_EXECUTABLE_FOLDER_PATH)/OfflineMediaDownloader";
			};
			name = Release;
		};
		C41DD8B42CC6C52700F041C6 /* Debug */ = {
			isa = XCBuildConfiguration;
			buildSettings = {
				CODE_SIGN_STYLE = Automatic;
				CURRENT_PROJECT_VERSION = 1;
				GENERATE_INFOPLIST_FILE = YES;
				MARKETING_VERSION = 1.0;
				PRODUCT_BUNDLE_IDENTIFIER = lifegames.OfflineMediaDownloaderUITests;
				PRODUCT_NAME = "$(TARGET_NAME)";
				SWIFT_EMIT_LOC_STRINGS = NO;
				SWIFT_VERSION = 5.0;
				TARGETED_DEVICE_FAMILY = "1,2";
				TEST_TARGET_NAME = OfflineMediaDownloader;
			};
			name = Debug;
		};
		C41DD8B52CC6C52700F041C6 /* Release */ = {
			isa = XCBuildConfiguration;
			buildSettings = {
				CODE_SIGN_STYLE = Automatic;
				CURRENT_PROJECT_VERSION = 1;
				GENERATE_INFOPLIST_FILE = YES;
				MARKETING_VERSION = 1.0;
				PRODUCT_BUNDLE_IDENTIFIER = lifegames.OfflineMediaDownloaderUITests;
				PRODUCT_NAME = "$(TARGET_NAME)";
				SWIFT_EMIT_LOC_STRINGS = NO;
				SWIFT_VERSION = 5.0;
				TARGETED_DEVICE_FAMILY = "1,2";
				TEST_TARGET_NAME = OfflineMediaDownloader;
			};
			name = Release;
		};
		C441083A2F1487B3007EAB48 /* Debug */ = {
			isa = XCBuildConfiguration;
			buildSettings = {
				ASSETCATALOG_COMPILER_GLOBAL_ACCENT_COLOR_NAME = AccentColor;
				ASSETCATALOG_COMPILER_WIDGET_BACKGROUND_COLOR_NAME = WidgetBackground;
				CODE_SIGN_ENTITLEMENTS = DownloadActivityWidgetExtension.entitlements;
				CODE_SIGN_STYLE = Automatic;
				CURRENT_PROJECT_VERSION = 1;
				DEVELOPMENT_TEAM = P328YB6M54;
				GENERATE_INFOPLIST_FILE = YES;
				INFOPLIST_FILE = DownloadActivityWidget/Info.plist;
				INFOPLIST_KEY_CFBundleDisplayName = DownloadActivityWidget;
				INFOPLIST_KEY_NSHumanReadableCopyright = "";
				IPHONEOS_DEPLOYMENT_TARGET = 26.2;
				LD_RUNPATH_SEARCH_PATHS = (
					"$(inherited)",
					"@executable_path/Frameworks",
					"@executable_path/../../Frameworks",
				);
				MARKETING_VERSION = 1.0;
				PRODUCT_BUNDLE_IDENTIFIER = lifegames.OfflineMediaDownloader.DownloadActivityWidget;
				PRODUCT_NAME = "$(TARGET_NAME)";
				SKIP_INSTALL = YES;
				STRING_CATALOG_GENERATE_SYMBOLS = YES;
				SWIFT_APPROACHABLE_CONCURRENCY = YES;
				SWIFT_EMIT_LOC_STRINGS = YES;
				SWIFT_UPCOMING_FEATURE_MEMBER_IMPORT_VISIBILITY = YES;
				SWIFT_VERSION = 5.0;
				TARGETED_DEVICE_FAMILY = "1,2";
			};
			name = Debug;
		};
		C441083B2F1487B3007EAB48 /* Release */ = {
			isa = XCBuildConfiguration;
			buildSettings = {
				ASSETCATALOG_COMPILER_GLOBAL_ACCENT_COLOR_NAME = AccentColor;
				ASSETCATALOG_COMPILER_WIDGET_BACKGROUND_COLOR_NAME = WidgetBackground;
				CODE_SIGN_ENTITLEMENTS = DownloadActivityWidgetExtension.entitlements;
				CODE_SIGN_STYLE = Automatic;
				CURRENT_PROJECT_VERSION = 1;
				DEVELOPMENT_TEAM = P328YB6M54;
				GENERATE_INFOPLIST_FILE = YES;
				INFOPLIST_FILE = DownloadActivityWidget/Info.plist;
				INFOPLIST_KEY_CFBundleDisplayName = DownloadActivityWidget;
				INFOPLIST_KEY_NSHumanReadableCopyright = "";
				IPHONEOS_DEPLOYMENT_TARGET = 26.2;
				LD_RUNPATH_SEARCH_PATHS = (
					"$(inherited)",
					"@executable_path/Frameworks",
					"@executable_path/../../Frameworks",
				);
				MARKETING_VERSION = 1.0;
				PRODUCT_BUNDLE_IDENTIFIER = lifegames.OfflineMediaDownloader.DownloadActivityWidget;
				PRODUCT_NAME = "$(TARGET_NAME)";
				SKIP_INSTALL = YES;
				STRING_CATALOG_GENERATE_SYMBOLS = YES;
				SWIFT_APPROACHABLE_CONCURRENCY = YES;
				SWIFT_EMIT_LOC_STRINGS = YES;
				SWIFT_UPCOMING_FEATURE_MEMBER_IMPORT_VISIBILITY = YES;
				SWIFT_VERSION = 5.0;
				TARGETED_DEVICE_FAMILY = "1,2";
			};
			name = Release;
		};
/* End XCBuildConfiguration section */

/* Begin XCConfigurationList section */
		C41DD87F2CC6C52600F041C6 /* Build configuration list for PBXProject "OfflineMediaDownloader" */ = {
			isa = XCConfigurationList;
			buildConfigurations = (
				C41DD8AB2CC6C52700F041C6 /* Debug */,
				C41DD8AC2CC6C52700F041C6 /* Release */,
			);
			defaultConfigurationIsVisible = 0;
			defaultConfigurationName = Release;
		};
		C41DD8AD2CC6C52700F041C6 /* Build configuration list for PBXNativeTarget "OfflineMediaDownloader" */ = {
			isa = XCConfigurationList;
			buildConfigurations = (
				C41DD8AE2CC6C52700F041C6 /* Debug */,
				C41DD8AF2CC6C52700F041C6 /* Release */,
			);
			defaultConfigurationIsVisible = 0;
			defaultConfigurationName = Release;
		};
		C41DD8B02CC6C52700F041C6 /* Build configuration list for PBXNativeTarget "OfflineMediaDownloaderTests" */ = {
			isa = XCConfigurationList;
			buildConfigurations = (
				C41DD8B12CC6C52700F041C6 /* Debug */,
				C41DD8B22CC6C52700F041C6 /* Release */,
			);
			defaultConfigurationIsVisible = 0;
			defaultConfigurationName = Release;
		};
		C41DD8B32CC6C52700F041C6 /* Build configuration list for PBXNativeTarget "OfflineMediaDownloaderUITests" */ = {
			isa = XCConfigurationList;
			buildConfigurations = (
				C41DD8B42CC6C52700F041C6 /* Debug */,
				C41DD8B52CC6C52700F041C6 /* Release */,
			);
			defaultConfigurationIsVisible = 0;
			defaultConfigurationName = Release;
		};
		C44108392F1487B3007EAB48 /* Build configuration list for PBXNativeTarget "DownloadActivityWidgetExtension" */ = {
			isa = XCConfigurationList;
			buildConfigurations = (
				C441083A2F1487B3007EAB48 /* Debug */,
				C441083B2F1487B3007EAB48 /* Release */,
			);
			defaultConfigurationIsVisible = 0;
			defaultConfigurationName = Release;
		};
/* End XCConfigurationList section */

/* Begin XCLocalSwiftPackageReference section */
		C41DD9422D12ABC100F041C6 /* XCLocalSwiftPackageReference "APITypes" */ = {
			isa = XCLocalSwiftPackageReference;
			relativePath = APITypes;
		};
/* End XCLocalSwiftPackageReference section */

/* Begin XCRemoteSwiftPackageReference section */
		C41DD8B62CC6C58100F041C6 /* XCRemoteSwiftPackageReference "swift-composable-architecture" */ = {
			isa = XCRemoteSwiftPackageReference;
			repositoryURL = "https://github.com/pointfreeco/swift-composable-architecture";
			requirement = {
				kind = upToNextMajorVersion;
				minimumVersion = 1.15.1;
			};
		};
		C41DD9222CC81B8100F041C6 /* XCRemoteSwiftPackageReference "Valet" */ = {
			isa = XCRemoteSwiftPackageReference;
			repositoryURL = "https://github.com/Square/Valet";
			requirement = {
				kind = upToNextMajorVersion;
				minimumVersion = 4.3.0;
			};
		};
/* End XCRemoteSwiftPackageReference section */

/* Begin XCSwiftPackageProductDependency section */
		C41DD91B2CC6E34400F041C6 /* ComposableArchitecture */ = {
			isa = XCSwiftPackageProductDependency;
			package = C41DD8B62CC6C58100F041C6 /* XCRemoteSwiftPackageReference "swift-composable-architecture" */;
			productName = ComposableArchitecture;
		};
		C41DD9232CC81B8100F041C6 /* Valet */ = {
			isa = XCSwiftPackageProductDependency;
			package = C41DD9222CC81B8100F041C6 /* XCRemoteSwiftPackageReference "Valet" */;
			productName = Valet;
		};
		C41DD9412D12ABC100F041C6 /* APITypes */ = {
			isa = XCSwiftPackageProductDependency;
			productName = APITypes;
		};
/* End XCSwiftPackageProductDependency section */
	};
	rootObject = C41DD87C2CC6C52600F041C6 /* Project object */;
}
